# THIS IS AN AUTOGENERATED FILE. DO NOT EDIT THIS FILE DIRECTLY.
# yarn lockfile v1


lodash@4.17.21:
  version "4.17.21"
  resolved "https://registry.yarnpkg.com/lodash/-/lodash-4.17.21.tgz#679591c564c3bffaae8454cf0b3df370c3d6911c"
  integrity sha512-v2kDEe57lecTulaDIuNTPy3Ry4gLGJ6Z1O3vE1krgXZNrsQ+LFTGHVxVjcXPs17LhbZVGedAJv8XZ1tvj5FvSg==

reaxes@^0.10.11:
  version "0.10.11"
  resolved "https://registry.yarnpkg.com/reaxes/-/reaxes-0.10.11.tgz#2259567968af95d898167a91a1cd70029ac3bfa3"
  integrity sha512-GnlH5qkPD2wGpi3F8EHq6/u4BEJLsKFl9E6Bdz+yaUyVsxMnwz6EIQzlutnU4JNU/UQX2/iG2qFgKs390kbZ0g==
  dependencies:
    lodash "4.17.21"

shallowequal@^1.1.0:
  version "1.1.0"
  resolved "https://registry.yarnpkg.com/shallowequal/-/shallowequal-1.1.0.tgz#188d521de95b9087404fd4dcb68b13df0ae4e7f8"
  integrity sha512-y0m1JoUZSlPAjXVtPPW70aZWfIL/dSP7AFkRnniLCrK/8MDKog3TySTBmckD+RObVxH0v4Tox67+F14PdED2oQ==
